
Microsoft Visual Studio Solution File, Format Version 12.00
# Visual Studio Version 17
VisualStudioVersion = 17.0.32112.339
MinimumVisualStudioVersion = 10.0.40219.1
Project("{FAE04EC0-301F-11D3-BF4B-00C04F79EFBC}") = "AmlumniManagement", "AmlumniManagement.csproj", "{2C2B3BEA-DA9C-4220-86F8-AB1817106E0F}"
EndProject
Project("{FAE04EC0-301F-11D3-BF4B-00C04F79EFBC}") = "DataAccess", "..\DataAccess\DataAccess.csproj", "{7D2F3602-92E6-49D1-B8D0-C73FF97CFCD7}"
EndProject
Project("{FAE04EC0-301F-11D3-BF4B-00C04F79EFBC}") = "Business", "..\Business\Business.csproj", "{8359B877-9EE9-4C21-A1DC-53D0BEB68ACF}"
EndProject
Global
	GlobalSection(SolutionConfigurationPlatforms) = preSolution
		Debug|Any CPU = Debug|Any CPU
		Release|Any CPU = Release|Any CPU
	EndGlobalSection
	GlobalSection(ProjectConfigurationPlatforms) = postSolution
		{2C2B3BEA-DA9C-4220-86F8-AB1817106E0F}.Debug|Any CPU.ActiveCfg = Debug|Any CPU
		{2C2B3BEA-DA9C-4220-86F8-AB1817106E0F}.Debug|Any CPU.Build.0 = Debug|Any CPU
		{2C2B3BEA-DA9C-4220-86F8-AB1817106E0F}.Release|Any CPU.ActiveCfg = Release|Any CPU
		{2C2B3BEA-DA9C-4220-86F8-AB1817106E0F}.Release|Any CPU.Build.0 = Release|Any CPU
		{7D2F3602-92E6-49D1-B8D0-C73FF97CFCD7}.Debug|Any CPU.ActiveCfg = Debug|Any CPU
		{7D2F3602-92E6-49D1-B8D0-C73FF97CFCD7}.Debug|Any CPU.Build.0 = Debug|Any CPU
		{7D2F3602-92E6-49D1-B8D0-C73FF97CFCD7}.Release|Any CPU.ActiveCfg = Release|Any CPU
		{7D2F3602-92E6-49D1-B8D0-C73FF97CFCD7}.Release|Any CPU.Build.0 = Release|Any CPU
		{8359B877-9EE9-4C21-A1DC-53D0BEB68ACF}.Debug|Any CPU.ActiveCfg = Debug|Any CPU
		{8359B877-9EE9-4C21-A1DC-53D0BEB68ACF}.Debug|Any CPU.Build.0 = Debug|Any CPU
		{8359B877-9EE9-4C21-A1DC-53D0BEB68ACF}.Release|Any CPU.ActiveCfg = Release|Any CPU
		{8359B877-9EE9-4C21-A1DC-53D0BEB68ACF}.Release|Any CPU.Build.0 = Release|Any CPU
	EndGlobalSection
	GlobalSection(SolutionProperties) = preSolution
		HideSolutionNode = FALSE
	EndGlobalSection
	GlobalSection(ExtensibilityGlobals) = postSolution
		SolutionGuid = {31002145-08C4-4077-B056-ECC2727B4172}
	EndGlobalSection
EndGlobal
